lockfileVersion: '9.0'

settings:
  autoInstallPeers: false
  excludeLinksFromLockfile: false

overrides:
  vue-tsc@2.2.0>@volar/typescript: 2.4.11
  vue-tsc@2.2.10>@volar/typescript: 2.4.11
  vue-tsc@2.2.12>@volar/typescript: 2.4.28

importers:
  .: {}

  cases/vue-2.2.0-ts-5.4.5:
    devDependencies:
      typescript:
        specifier: 5.4.5
        version: 5.4.5
      vue:
        specifier: 3.5.28
        version: 3.5.28(typescript@5.4.5)
      vue-tsc:
        specifier: 2.2.0
        version: 2.2.0(typescript@5.4.5)

  cases/vue-2.2.10-ts-5.9.3:
    devDependencies:
      typescript:
        specifier: 5.9.3
        version: 5.9.3
      vue:
        specifier: 3.5.28
        version: 3.5.28(typescript@5.9.3)
      vue-tsc:
        specifier: 2.2.10
        version: 2.2.10(typescript@5.9.3)

  cases/vue-2.2.12-ts-5.9.3:
    devDependencies:
      typescript:
        specifier: 5.9.3
        version: 5.9.3
      vue:
        specifier: 3.5.28
        version: 3.5.28(typescript@5.9.3)
      vue-tsc:
        specifier: 2.2.12
        version: 2.2.12(typescript@5.9.3)

  cases/vue-3.2.0-ts-5.4.5:
    devDependencies:
      typescript:
        specifier: 5.4.5
        version: 5.4.5
      vue:
        specifier: 3.5.28
        version: 3.5.28(typescript@5.4.5)
      vue-tsc:
        specifier: 3.2.0
        version: 3.2.0(typescript@5.4.5)

  cases/vue-3.2.4-ts-6.0.3:
    devDependencies:
      typescript:
        specifier: 6.0.3
        version: 6.0.3
      vue:
        specifier: 3.5.28
        version: 3.5.28(typescript@6.0.3)
      vue-tsc:
        specifier: 3.2.4
        version: 3.2.4(typescript@6.0.3)

packages:
  '@babel/helper-string-parser@7.29.7':
    resolution:
      {
        integrity: sha512-Pb5ijPrZ89GDH8223L4UP8i6QApWxs04RbPQJTeWDV0/keR2E36MeKnyr6LYmUUvqRRI+Iv87SuF1W6ErINzYw==,
      }
    engines: { node: '>=6.9.0' }

  '@babel/helper-validator-identifier@7.29.7':
    resolution:
      {
        integrity: sha512-qehxGkRj55h/ff8EMaJ+cYhyaKlHIxqYDn682wQD7RNp9UujOQsHog2uS0r2vzr4pW+sXf90NeeayjcNaX3fFg==,
      }
    engines: { node: '>=6.9.0' }

  '@babel/parser@7.29.8':
    resolution:
      {
        integrity: sha512-E8lTAYNB1KW+FH+VGJuZM1ioAx2E6oVlvQFRrf5P8ZZmsiJXYAD9vTFV7yyEURNzgh1dFqMZuO6tUwcARbqFCA==,
      }
    engines: { node: '>=6.0.0' }
    hasBin: true

  '@babel/types@7.29.8':
    resolution:
      {
        integrity: sha512-Vj1jF3cPfxg7OAfoI7QnVKLoILlm2JF9pnVHrX8qx7AHMiYWT+NDAA7jChlNgRS4WTLc/fD1lXLmPixluj+3Gg==,
      }
    engines: { node: '>=6.9.0' }

  '@jridgewell/sourcemap-codec@1.5.5':
    resolution:
      {
        integrity: sha512-cYQ9310grqxueWbl+WuIUIaiUaDcj7WOq5fVhEljNVgRfOUhY9fy2zTvfoqWsnebh8Sl70VScFbICvJnLKB0Og==,
      }

  '@volar/language-core@2.4.11':
    resolution:
      {
        integrity: sha512-lN2C1+ByfW9/JRPpqScuZt/4OrUUse57GLI6TbLgTIqBVemdl1wNcZ1qYGEo2+Gw8coYLgCy7SuKqn6IrQcQgg==,
      }

  '@volar/language-core@2.4.15':
    resolution:
      {
        integrity: sha512-3VHw+QZU0ZG9IuQmzT68IyN4hZNd9GchGPhbD9+pa8CVv7rnoOZwo7T8weIbrRmihqy3ATpdfXFnqRrfPVK6CA==,
      }

  '@volar/language-core@2.4.27':
    resolution:
      {
        integrity: sha512-DjmjBWZ4tJKxfNC1F6HyYERNHPYS7L7OPFyCrestykNdUZMFYzI9WTyvwPcaNaHlrEUwESHYsfEw3isInncZxQ==,
      }

  '@volar/language-core@2.4.28':
    resolution:
      {
        integrity: sha512-w4qhIJ8ZSitgLAkVay6AbcnC7gP3glYM3fYwKV3srj8m494E3xtrCv6E+bWviiK/8hs6e6t1ij1s2Endql7vzQ==,
      }

  '@volar/source-map@2.4.11':
    resolution:
      {
        integrity: sha512-ZQpmafIGvaZMn/8iuvCFGrW3smeqkq/IIh9F1SdSx9aUl0J4Iurzd6/FhmjNO5g2ejF3rT45dKskgXWiofqlZQ==,
      }

  '@volar/source-map@2.4.15':
    resolution:
      {
        integrity: sha512-CPbMWlUN6hVZJYGcU/GSoHu4EnCHiLaXI9n8c9la6RaI9W5JHX+NqG+GSQcB0JdC2FIBLdZJwGsfKyBB71VlTg==,
      }

  '@volar/source-map@2.4.27':
    resolution:
      {
        integrity: sha512-ynlcBReMgOZj2i6po+qVswtDUeeBRCTgDurjMGShbm8WYZgJ0PA4RmtebBJ0BCYol1qPv3GQF6jK7C9qoVc7lg==,
      }

  '@volar/source-map@2.4.28':
    resolution:
      {
        integrity: sha512-yX2BDBqJkRXfKw8my8VarTyjv48QwxdJtvRgUpNE5erCsgEUdI2DsLbpa+rOQVAJYshY99szEcRDmyHbF10ggQ==,
      }

  '@volar/typescript@2.4.11':
    resolution:
      {
        integrity: sha512-2DT+Tdh88Spp5PyPbqhyoYavYCPDsqbHLFwcUI9K1NlY1YgUJvujGdrqUp0zWxnW7KWNTr3xSpMuv2WnaTKDAw==,
      }

  '@volar/typescript@2.4.27':
    resolution:
      {
        integrity: sha512-eWaYCcl/uAPInSK2Lze6IqVWaBu/itVqR5InXcHXFyles4zO++Mglt3oxdgj75BDcv1Knr9Y93nowS8U3wqhxg==,
      }

  '@volar/typescript@2.4.28':
    resolution:
      {
        integrity: sha512-Ja6yvWrbis2QtN4ClAKreeUZPVYMARDYZl9LMEv1iQ1QdepB6wn0jTRxA9MftYmYa4DQ4k/DaSZpFPUfxl8giw==,
      }

  '@vue/compiler-core@3.5.28':
    resolution:
      {
        integrity: sha512-kviccYxTgoE8n6OCw96BNdYlBg2GOWfBuOW4Vqwrt7mSKWKwFVvI8egdTltqRgITGPsTFYtKYfxIG8ptX2PJHQ==,
      }

  '@vue/compiler-core@3.5.41':
    resolution:
      {
        integrity: sha512-q0Xtv/F9w2YO/7htQhtiL+Ev2WCJbe5N2hc+XfgyKkEKqWpSxknmT8QOuGdEKNdjPq0c3F7rNpFkTo3Kfrm7pg==,
      }

  '@vue/compiler-dom@3.5.28':
    resolution:
      {
        integrity: sha512-/1ZepxAb159jKR1btkefDP+J2xuWL5V3WtleRmxaT+K2Aqiek/Ab/+Ebrw2pPj0sdHO8ViAyyJWfhXXOP/+LQA==,
      }

  '@vue/compiler-dom@3.5.41':
    resolution:
      {
        integrity: sha512-oKacVfNglLvGjnS6BXOlGL7EyG2h8X03pqXCjzotRZUaXGjbrTJUnVAQjrCqUnS+lyu31nwQjZY/d817GmCnfw==,
      }

  '@vue/compiler-sfc@3.5.28':
    resolution:
      {
        integrity: sha512-6TnKMiNkd6u6VeVDhZn/07KhEZuBSn43Wd2No5zaP5s3xm8IqFTHBj84HJah4UepSUJTro5SoqqlOY22FKY96g==,
      }

  '@vue/compiler-ssr@3.5.28':
    resolution:
      {
        integrity: sha512-JCq//9w1qmC6UGLWJX7RXzrGpKkroubey/ZFqTpvEIDJEKGgntuDMqkuWiZvzTzTA5h2qZvFBFHY7fAAa9475g==,
      }

  '@vue/compiler-vue2@2.7.16':
    resolution:
      {
        integrity: sha512-qYC3Psj9S/mfu9uVi5WvNZIzq+xnXMhOwbTFKKDD7b1lhpnn71jXSFdTQ+WsIEk0ONCd7VV2IMm7ONl6tbQ86A==,
      }

  '@vue/language-core@2.2.0':
    resolution:
      {
        integrity: sha512-O1ZZFaaBGkKbsRfnVH1ifOK1/1BUkyK+3SQsfnh6PmMmD4qJcTU8godCeA96jjDRTL6zgnK7YzCHfaUlH2r0Mw==,
      }
    peerDependencies:
      typescript: '*'
    peerDependenciesMeta:
      typescript:
        optional: true

  '@vue/language-core@2.2.10':
    resolution:
      {
        integrity: sha512-+yNoYx6XIKuAO8Mqh1vGytu8jkFEOH5C8iOv3i8Z/65A7x9iAOXA97Q+PqZ3nlm2lxf5rOJuIGI/wDtx/riNYw==,
      }
    peerDependencies:
      typescript: '*'
    peerDependenciesMeta:
      typescript:
        optional: true

  '@vue/language-core@2.2.12':
    resolution:
      {
        integrity: sha512-IsGljWbKGU1MZpBPN+BvPAdr55YPkj2nB/TBNGNC32Vy2qLG25DYu/NBN2vNtZqdRbTRjaoYrahLrToim2NanA==,
      }
    peerDependencies:
      typescript: '*'
    peerDependenciesMeta:
      typescript:
        optional: true

  '@vue/language-core@3.2.0':
    resolution:
      {
        integrity: sha512-CHIuDtZ04CIElAgEuLbwmq3p7QcmYoVPmBPqtdvWJCflZE5W3KHT/5DRBvDv1r2TteCjN02uYHiaAEWq9hQNiA==,
      }

  '@vue/language-core@3.2.4':
    resolution:
      {
        integrity: sha512-bqBGuSG4KZM45KKTXzGtoCl9cWju5jsaBKaJJe3h5hRAAWpZUuj5G+L+eI01sPIkm4H6setKRlw7E85wLdDNew==,
      }

  '@vue/reactivity@3.5.28':
    resolution:
      {
        integrity: sha512-gr5hEsxvn+RNyu9/9o1WtdYdwDjg5FgjUSBEkZWqgTKlo/fvwZ2+8W6AfKsc9YN2k/+iHYdS9vZYAhpi10kNaw==,
      }

  '@vue/runtime-core@3.5.28':
    resolution:
      {
        integrity: sha512-POVHTdbgnrBBIpnbYU4y7pOMNlPn2QVxVzkvEA2pEgvzbelQq4ZOUxbp2oiyo+BOtiYlm8Q44wShHJoBvDPAjQ==,
      }

  '@vue/runtime-dom@3.5.28':
    resolution:
      {
        integrity: sha512-4SXxSF8SXYMuhAIkT+eBRqOkWEfPu6nhccrzrkioA6l0boiq7sp18HCOov9qWJA5HML61kW8p/cB4MmBiG9dSA==,
      }

  '@vue/server-renderer@3.5.28':
    resolution:
      {
        integrity: sha512-pf+5ECKGj8fX95bNincbzJ6yp6nyzuLDhYZCeFxUNp8EBrQpPpQaLX3nNCp49+UbgbPun3CeVE+5CXVV1Xydfg==,
      }
    peerDependencies:
      vue: 3.5.28

  '@vue/shared@3.5.28':
    resolution:
      {
        integrity: sha512-cfWa1fCGBxrvaHRhvV3Is0MgmrbSCxYTXCSCau2I0a1Xw1N1pHAvkWCiXPRAqjvToILvguNyEwjevUqAuBQWvQ==,
      }

  '@vue/shared@3.5.41':
    resolution:
      {
        integrity: sha512-IOnwSCma8j+9xJT6b8H0dEYidC80NsYmNMlZxRsukYcSoGaDBohog5hDxzeUXdFeGWFA++vWvxqOmrr96VlqMA==,
      }

  alien-signals@0.4.14:
    resolution:
      {
        integrity: sha512-itUAVzhczTmP2U5yX67xVpsbbOiquusbWVyA9N+sy6+r6YVbFkahXvNCeEPWEOMhwDYwbVbGHFkVL03N9I5g+Q==,
      }

  alien-signals@1.0.13:
    resolution:
      {
        integrity: sha512-OGj9yyTnJEttvzhTUWuscOvtqxq5vrhF7vL9oS0xJ2mK0ItPYP1/y+vCFebfxoEyAz0++1AIwJ5CMr+Fk3nDmg==,
      }

  alien-signals@3.2.1:
    resolution:
      {
        integrity: sha512-I8FjmltrfnDFoZedi5CG8DghVYNhzb/Ijluz7tCSJH0xpd0484Kowhbb1XDYOxfJpU1p5wnM2X54dA+IfGyD1g==,
      }

  balanced-match@1.0.2:
    resolution:
      {
        integrity: sha512-3oSeUO0TMV67hN1AmbXsK4yaqU7tjiHlbxRDZOpH0KW9+CeX4bRAaX0Anxt0tx2MrpRpWwQaPwIlISEJhYU5Pw==,
      }

  brace-expansion@2.1.4:
    resolution:
      {
        integrity: sha512-hGfVzPxthbf3+2yjg/RBs60cB0FhqBS/zvdV/4wn4/BmN0bNMMHPc4V/BbFieqf1TKAGGAHnY4eSjajCl0f2Xg==,
      }

  csstype@3.2.3:
    resolution:
      {
        integrity: sha512-z1HGKcYy2xA8AGQfwrn0PAy+PB7X/GSj3UVJW9qKyn43xWa+gl5nXmU4qqLMRzWVLFC8KusUX8T/0kCiOYpAIQ==,
      }

  de-indent@1.0.2:
    resolution:
      {
        integrity: sha512-e/1zu3xH5MQryN2zdVaF0OrdNLUbvWxzMbi+iNA6Bky7l1RoP8a2fIbRocyHclXt/arDrrR6lL3TqFD9pMQTsg==,
      }

  entities@7.0.1:
    resolution:
      {
        integrity: sha512-TWrgLOFUQTH994YUyl1yT4uyavY5nNB5muff+RtWaqNVCAK408b5ZnnbNAUEWLTCpum9w6arT70i1XdQ4UeOPA==,
      }
    engines: { node: '>=0.12' }

  estree-walker@2.0.2:
    resolution:
      {
        integrity: sha512-Rfkk/Mp/DL7JVje3u18FxFujQlTNR2q6QfMSMB7AvCBx91NGj/ba3kCfza0f6dVDbw7YlRf/nDrn7pQrCCyQ/w==,
      }

  he@1.2.0:
    resolution:
      {
        integrity: sha512-F/1DnUGPopORZi0ni+CvrCgHQ5FyEAHRLSApuYWMmrbSwoN2Mn/7k+Gl38gJnR7yyDZk6WLXwiGod1JOWNDKGw==,
      }
    hasBin: true

  magic-string@0.30.21:
    resolution:
      {
        integrity: sha512-vd2F4YUyEXKGcLHoq+TEyCjxueSeHnFxyyjNp80yg0XV4vUhnDer/lvvlqM/arB5bXQN5K2/3oinyCRyx8T2CQ==,
      }

  minimatch@9.0.9:
    resolution:
      {
        integrity: sha512-OBwBN9AL4dqmETlpS2zasx+vTeWclWzkblfZk7KTA5j3jeOONz/tRCnZomUyvNg83wL5Zv9Ss6HMJXAgL8R2Yg==,
      }
    engines: { node: '>=16 || 14 >=14.17' }

  muggle-string@0.4.1:
    resolution:
      {
        integrity: sha512-VNTrAak/KhO2i8dqqnqnAHOa3cYBwXEZe9h+D5h/1ZqFSTEFHdM65lR7RoIqq3tBBYavsOXV84NoHXZ0AkPyqQ==,
      }

  nanoid@3.3.18:
    resolution:
      {
        integrity: sha512-DTg4MJbGMWkfi6VZFdNt2/caMbQy4Ou+Op/hJQvGEWcnVfoA1QA+xzRKAzw9jD6+GVOOeYr/mIcuDSdug6F6+w==,
      }
    engines: { node: ^10 || ^12 || ^13.7 || ^14 || >=15.0.1 }
    hasBin: true

  path-browserify@1.0.1:
    resolution:
      {
        integrity: sha512-b7uo2UCUOYZcnF/3ID0lulOJi/bafxa1xPe7ZPsammBSpjSWQkjNxlt635YGS2MiR9GjvuXCtz2emr3jbsz98g==,
      }

  picocolors@1.1.1:
    resolution:
      {
        integrity: sha512-xceH2snhtb5M9liqDsmEw56le376mTZkEX/jEb/RxNFyegNul7eNslCXP9FDj/Lcu0X8KEyMceP2ntpaHrDEVA==,
      }

  picomatch@4.0.5:
    resolution:
      {
        integrity: sha512-RvwwcruNjI1ncT5xRakeyS9Lf8lcItv34KD+aif+VH9kduAyfYBipGh12274xtenIPZ119/R9BdTBa8gAwSh0A==,
      }
    engines: { node: '>=12' }

  postcss@8.5.26:
    resolution:
      {
        integrity: sha512-u82N74LFzG8ca+dD8puPnplTXoGH4fTPpVGuIbt36G3qvNlkvfD0lEAZSxaly3KX8TS/L1A1gsCEmvKmBcVbkQ==,
      }
    engines: { node: ^10 || ^12 || >=14 }

  source-map-js@1.2.1:
    resolution:
      {
        integrity: sha512-UXWMKhLOwVKb728IUtQPXxfYU+usdybtUrK/8uGE8CQMvrhOpwvzDBwj0QhSL7MQc7vIsISBG8VQ8+IDQxpfQA==,
      }
    engines: { node: '>=0.10.0' }

  typescript@5.4.5:
    resolution:
      {
        integrity: sha512-vcI4UpRgg81oIRUFwR0WSIHKt11nJ7SAVlYNIu+QpqeyXP+gpQJy/Z4+F0aGxSE4MqwjyXvW/TzgkLAx2AGHwQ==,
      }
    engines: { node: '>=14.17' }
    hasBin: true

  typescript@5.9.3:
    resolution:
      {
        integrity: sha512-jl1vZzPDinLr9eUt3J/t7V6FgNEw9QjvBPdysz9KfQDD41fQrC2Y4vKQdiaUpFT4bXlb1RHhLpp8wtm6M5TgSw==,
      }
    engines: { node: '>=14.17' }
    hasBin: true

  typescript@6.0.3:
    resolution:
      {
        integrity: sha512-y2TvuxSZPDyQakkFRPZHKFm+KKVqIisdg9/CZwm9ftvKXLP8NRWj38/ODjNbr43SsoXqNuAisEf1GdCxqWcdBw==,
      }
    engines: { node: '>=14.17' }
    hasBin: true

  vscode-uri@3.1.0:
    resolution:
      {
        integrity: sha512-/BpdSx+yCQGnCvecbyXdxHDkuk55/G3xwnC0GqY4gmQ3j+A+g8kzzgB4Nk/SINjqn6+waqw3EgbVF2QKExkRxQ==,
      }

  vue-tsc@2.2.0:
    resolution:
      {
        integrity: sha512-gtmM1sUuJ8aSb0KoAFmK9yMxb8TxjewmxqTJ1aKphD5Cbu0rULFY6+UQT51zW7SpUcenfPUuflKyVwyx9Qdnxg==,
      }
    hasBin: true
    peerDependencies:
      typescript: '>=5.0.0'

  vue-tsc@2.2.10:
    resolution:
      {
        integrity: sha512-jWZ1xSaNbabEV3whpIDMbjVSVawjAyW+x1n3JeGQo7S0uv2n9F/JMgWW90tGWNFRKya4YwKMZgCtr0vRAM7DeQ==,
      }
    hasBin: true
    peerDependencies:
      typescript: '>=5.0.0'

  vue-tsc@2.2.12:
    resolution:
      {
        integrity: sha512-P7OP77b2h/Pmk+lZdJ0YWs+5tJ6J2+uOQPo7tlBnY44QqQSPYvS0qVT4wqDJgwrZaLe47etJLLQRFia71GYITw==,
      }
    hasBin: true
    peerDependencies:
      typescript: '>=5.0.0'

  vue-tsc@3.2.0:
    resolution:
      {
        integrity: sha512-NFhcKKQZeTuG8/gc8XwFANx/lC0Dd3dCZ97TWh1a63PcD22KkFy4QLeT8JMtduaQT1NzySWmx3qXm16Hj1Xsxg==,
      }
    hasBin: true
    peerDependencies:
      typescript: '>=5.0.0'

  vue-tsc@3.2.4:
    resolution:
      {
        integrity: sha512-xj3YCvSLNDKt1iF9OcImWHhmYcihVu9p4b9s4PGR/qp6yhW+tZJaypGxHScRyOrdnHvaOeF+YkZOdKwbgGvp5g==,
      }
    hasBin: true
    peerDependencies:
      typescript: '>=5.0.0'

  vue@3.5.28:
    resolution:
      {
        integrity: sha512-BRdrNfeoccSoIZeIhyPBfvWSLFP4q8J3u8Ju8Ug5vu3LdD+yTM13Sg4sKtljxozbnuMu1NB1X5HBHRYUzFocKg==,
      }
    peerDependencies:
      typescript: '*'
    peerDependenciesMeta:
      typescript:
        optional: true

snapshots:
  '@babel/helper-string-parser@7.29.7': {}

  '@babel/helper-validator-identifier@7.29.7': {}

  '@babel/parser@7.29.8':
    dependencies:
      '@babel/types': 7.29.8

  '@babel/types@7.29.8':
    dependencies:
      '@babel/helper-string-parser': 7.29.7
      '@babel/helper-validator-identifier': 7.29.7

  '@jridgewell/sourcemap-codec@1.5.5': {}

  '@volar/language-core@2.4.11':
    dependencies:
      '@volar/source-map': 2.4.11

  '@volar/language-core@2.4.15':
    dependencies:
      '@volar/source-map': 2.4.15

  '@volar/language-core@2.4.27':
    dependencies:
      '@volar/source-map': 2.4.27

  '@volar/language-core@2.4.28':
    dependencies:
      '@volar/source-map': 2.4.28

  '@volar/source-map@2.4.11': {}

  '@volar/source-map@2.4.15': {}

  '@volar/source-map@2.4.27': {}

  '@volar/source-map@2.4.28': {}

  '@volar/typescript@2.4.11':
    dependencies:
      '@volar/language-core': 2.4.11
      path-browserify: 1.0.1
      vscode-uri: 3.1.0

  '@volar/typescript@2.4.27':
    dependencies:
      '@volar/language-core': 2.4.27
      path-browserify: 1.0.1
      vscode-uri: 3.1.0

  '@volar/typescript@2.4.28':
    dependencies:
      '@volar/language-core': 2.4.28
      path-browserify: 1.0.1
      vscode-uri: 3.1.0

  '@vue/compiler-core@3.5.28':
    dependencies:
      '@babel/parser': 7.29.8
      '@vue/shared': 3.5.28
      entities: 7.0.1
      estree-walker: 2.0.2
      source-map-js: 1.2.1

  '@vue/compiler-core@3.5.41':
    dependencies:
      '@babel/parser': 7.29.8
      '@vue/shared': 3.5.41
      entities: 7.0.1
      estree-walker: 2.0.2
      source-map-js: 1.2.1

  '@vue/compiler-dom@3.5.28':
    dependencies:
      '@vue/compiler-core': 3.5.28
      '@vue/shared': 3.5.28

  '@vue/compiler-dom@3.5.41':
    dependencies:
      '@vue/compiler-core': 3.5.41
      '@vue/shared': 3.5.41

  '@vue/compiler-sfc@3.5.28':
    dependencies:
      '@babel/parser': 7.29.8
      '@vue/compiler-core': 3.5.28
      '@vue/compiler-dom': 3.5.28
      '@vue/compiler-ssr': 3.5.28
      '@vue/shared': 3.5.28
      estree-walker: 2.0.2
      magic-string: 0.30.21
      postcss: 8.5.26
      source-map-js: 1.2.1

  '@vue/compiler-ssr@3.5.28':
    dependencies:
      '@vue/compiler-dom': 3.5.28
      '@vue/shared': 3.5.28

  '@vue/compiler-vue2@2.7.16':
    dependencies:
      de-indent: 1.0.2
      he: 1.2.0

  '@vue/language-core@2.2.0(typescript@5.4.5)':
    dependencies:
      '@volar/language-core': 2.4.28
      '@vue/compiler-dom': 3.5.41
      '@vue/compiler-vue2': 2.7.16
      '@vue/shared': 3.5.41
      alien-signals: 0.4.14
      minimatch: 9.0.9
      muggle-string: 0.4.1
      path-browserify: 1.0.1
    optionalDependencies:
      typescript: 5.4.5

  '@vue/language-core@2.2.10(typescript@5.9.3)':
    dependencies:
      '@volar/language-core': 2.4.28
      '@vue/compiler-dom': 3.5.41
      '@vue/compiler-vue2': 2.7.16
      '@vue/shared': 3.5.41
      alien-signals: 1.0.13
      minimatch: 9.0.9
      muggle-string: 0.4.1
      path-browserify: 1.0.1
    optionalDependencies:
      typescript: 5.9.3

  '@vue/language-core@2.2.12(typescript@5.9.3)':
    dependencies:
      '@volar/language-core': 2.4.15
      '@vue/compiler-dom': 3.5.41
      '@vue/compiler-vue2': 2.7.16
      '@vue/shared': 3.5.41
      alien-signals: 1.0.13
      minimatch: 9.0.9
      muggle-string: 0.4.1
      path-browserify: 1.0.1
    optionalDependencies:
      typescript: 5.9.3

  '@vue/language-core@3.2.0':
    dependencies:
      '@volar/language-core': 2.4.27
      '@vue/compiler-dom': 3.5.41
      '@vue/shared': 3.5.41
      alien-signals: 3.2.1
      muggle-string: 0.4.1
      path-browserify: 1.0.1
      picomatch: 4.0.5

  '@vue/language-core@3.2.4':
    dependencies:
      '@volar/language-core': 2.4.27
      '@vue/compiler-dom': 3.5.41
      '@vue/shared': 3.5.41
      alien-signals: 3.2.1
      muggle-string: 0.4.1
      path-browserify: 1.0.1
      picomatch: 4.0.5

  '@vue/reactivity@3.5.28':
    dependencies:
      '@vue/shared': 3.5.28

  '@vue/runtime-core@3.5.28':
    dependencies:
      '@vue/reactivity': 3.5.28
      '@vue/shared': 3.5.28

  '@vue/runtime-dom@3.5.28':
    dependencies:
      '@vue/reactivity': 3.5.28
      '@vue/runtime-core': 3.5.28
      '@vue/shared': 3.5.28
      csstype: 3.2.3

  '@vue/server-renderer@3.5.28(vue@3.5.28(typescript@5.4.5))':
    dependencies:
      '@vue/compiler-ssr': 3.5.28
      '@vue/shared': 3.5.28
      vue: 3.5.28(typescript@5.4.5)

  '@vue/server-renderer@3.5.28(vue@3.5.28(typescript@5.9.3))':
    dependencies:
      '@vue/compiler-ssr': 3.5.28
      '@vue/shared': 3.5.28
      vue: 3.5.28(typescript@5.9.3)

  '@vue/server-renderer@3.5.28(vue@3.5.28(typescript@6.0.3))':
    dependencies:
      '@vue/compiler-ssr': 3.5.28
      '@vue/shared': 3.5.28
      vue: 3.5.28(typescript@6.0.3)

  '@vue/shared@3.5.28': {}

  '@vue/shared@3.5.41': {}

  alien-signals@0.4.14: {}

  alien-signals@1.0.13: {}

  alien-signals@3.2.1: {}

  balanced-match@1.0.2: {}

  brace-expansion@2.1.4:
    dependencies:
      balanced-match: 1.0.2

  csstype@3.2.3: {}

  de-indent@1.0.2: {}

  entities@7.0.1: {}

  estree-walker@2.0.2: {}

  he@1.2.0: {}

  magic-string@0.30.21:
    dependencies:
      '@jridgewell/sourcemap-codec': 1.5.5

  minimatch@9.0.9:
    dependencies:
      brace-expansion: 2.1.4

  muggle-string@0.4.1: {}

  nanoid@3.3.18: {}

  path-browserify@1.0.1: {}

  picocolors@1.1.1: {}

  picomatch@4.0.5: {}

  postcss@8.5.26:
    dependencies:
      nanoid: 3.3.18
      picocolors: 1.1.1
      source-map-js: 1.2.1

  source-map-js@1.2.1: {}

  typescript@5.4.5: {}

  typescript@5.9.3: {}

  typescript@6.0.3: {}

  vscode-uri@3.1.0: {}

  vue-tsc@2.2.0(typescript@5.4.5):
    dependencies:
      '@volar/typescript': 2.4.11
      '@vue/language-core': 2.2.0(typescript@5.4.5)
      typescript: 5.4.5

  vue-tsc@2.2.10(typescript@5.9.3):
    dependencies:
      '@volar/typescript': 2.4.11
      '@vue/language-core': 2.2.10(typescript@5.9.3)
      typescript: 5.9.3

  vue-tsc@2.2.12(typescript@5.9.3):
    dependencies:
      '@volar/typescript': 2.4.28
      '@vue/language-core': 2.2.12(typescript@5.9.3)
      typescript: 5.9.3

  vue-tsc@3.2.0(typescript@5.4.5):
    dependencies:
      '@volar/typescript': 2.4.27
      '@vue/language-core': 3.2.0
      typescript: 5.4.5

  vue-tsc@3.2.4(typescript@6.0.3):
    dependencies:
      '@volar/typescript': 2.4.27
      '@vue/language-core': 3.2.4
      typescript: 6.0.3

  vue@3.5.28(typescript@5.4.5):
    dependencies:
      '@vue/compiler-dom': 3.5.28
      '@vue/compiler-sfc': 3.5.28
      '@vue/runtime-dom': 3.5.28
      '@vue/server-renderer': 3.5.28(vue@3.5.28(typescript@5.4.5))
      '@vue/shared': 3.5.28
    optionalDependencies:
      typescript: 5.4.5

  vue@3.5.28(typescript@5.9.3):
    dependencies:
      '@vue/compiler-dom': 3.5.28
      '@vue/compiler-sfc': 3.5.28
      '@vue/runtime-dom': 3.5.28
      '@vue/server-renderer': 3.5.28(vue@3.5.28(typescript@5.9.3))
      '@vue/shared': 3.5.28
    optionalDependencies:
      typescript: 5.9.3

  vue@3.5.28(typescript@6.0.3):
    dependencies:
      '@vue/compiler-dom': 3.5.28
      '@vue/compiler-sfc': 3.5.28
      '@vue/runtime-dom': 3.5.28
      '@vue/server-renderer': 3.5.28(vue@3.5.28(typescript@6.0.3))
      '@vue/shared': 3.5.28
    optionalDependencies:
      typescript: 6.0.3
